
Microsoft Visual Studio Solution File, Format Version 12.00
# Visual Studio Version 16
VisualStudioVersion = 16.0.31729.503
MinimumVisualStudioVersion = 10.0.40219.1
Project("{FAE04EC0-301F-11D3-BF4B-00C04F79EFBC}") = "Ciortea_Adrian_Lab8", "Ciortea_Adrian_Lab8.csproj", "{68953808-26B3-43C0-B98D-9EDDEFB46AC5}"
EndProject
Global
	GlobalSection(SolutionConfigurationPlatforms) = preSolution
		Debug|Any CPU = Debug|Any CPU
		Release|Any CPU = Release|Any CPU
	EndGlobalSection
	GlobalSection(ProjectConfigurationPlatforms) = postSolution
		{68953808-26B3-43C0-B98D-9EDDEFB46AC5}.Debug|Any CPU.ActiveCfg = Debug|Any CPU
		{68953808-26B3-43C0-B98D-9EDDEFB46AC5}.Debug|Any CPU.Build.0 = Debug|Any CPU
		{68953808-26B3-43C0-B98D-9EDDEFB46AC5}.Release|Any CPU.ActiveCfg = Release|Any CPU
		{68953808-26B3-43C0-B98D-9EDDEFB46AC5}.Release|Any CPU.Build.0 = Release|Any CPU
	EndGlobalSection
	GlobalSection(SolutionProperties) = preSolution
		HideSolutionNode = FALSE
	EndGlobalSection
	GlobalSection(ExtensibilityGlobals) = postSolution
		SolutionGuid = {F7866CAD-3D6A-45CF-A410-DF5BD91081C8}
	EndGlobalSection
EndGlobal
